
Microsoft Visual Studio Solution File, Format Version 12.00
# Visual Studio 2013
VisualStudioVersion = 12.0.30110.0
MinimumVisualStudioVersion = 10.0.40219.1
Project("{FAE04EC0-301F-11D3-BF4B-00C04F79EFBC}") = "BluraySharp", "BluraySharp\BluraySharp.csproj", "{4FF5CF31-DB94-4962-A92D-17A149135012}"
EndProject
Project("{FAE04EC0-301F-11D3-BF4B-00C04F79EFBC}") = "BluraySharpTest", "BluraySharpTest\BluraySharpTest.csproj", "{6EC868E5-3587-49E7-A9AB-128E66E45765}"
EndProject
Project("{FAE04EC0-301F-11D3-BF4B-00C04F79EFBC}") = "BluraySharp.Entities", "BluraySharp.Entities\BluraySharp.Entities.csproj", "{DFC6212F-1896-4890-BB9B-4A2B34E8A85B}"
EndProject
Project("{FAE04EC0-301F-11D3-BF4B-00C04F79EFBC}") = "BluraySharp.Definations", "BluraySharp.Definations\BluraySharp.Definations.csproj", "{14FF5AC6-E679-444D-B582-0B4AE067F595}"
EndProject
Global
	GlobalSection(SolutionConfigurationPlatforms) = preSolution
		Debug|Any CPU = Debug|Any CPU
		Debug|Mixed Platforms = Debug|Mixed Platforms
		Debug|x86 = Debug|x86
		Release|Any CPU = Release|Any CPU
		Release|Mixed Platforms = Release|Mixed Platforms
		Release|x86 = Release|x86
	EndGlobalSection
	GlobalSection(ProjectConfigurationPlatforms) = postSolution
		{4FF5CF31-DB94-4962-A92D-17A149135012}.Debug|Any CPU.ActiveCfg = Debug|x86
		{4FF5CF31-DB94-4962-A92D-17A149135012}.Debug|Mixed Platforms.ActiveCfg = Debug|x86
		{4FF5CF31-DB94-4962-A92D-17A149135012}.Debug|Mixed Platforms.Build.0 = Debug|x86
		{4FF5CF31-DB94-4962-A92D-17A149135012}.Debug|x86.ActiveCfg = Debug|x86
		{4FF5CF31-DB94-4962-A92D-17A149135012}.Debug|x86.Build.0 = Debug|x86
		{4FF5CF31-DB94-4962-A92D-17A149135012}.Release|Any CPU.ActiveCfg = Release|x86
		{4FF5CF31-DB94-4962-A92D-17A149135012}.Release|Mixed Platforms.ActiveCfg = Release|x86
		{4FF5CF31-DB94-4962-A92D-17A149135012}.Release|Mixed Platforms.Build.0 = Release|x86
		{4FF5CF31-DB94-4962-A92D-17A149135012}.Release|x86.ActiveCfg = Release|x86
		{4FF5CF31-DB94-4962-A92D-17A149135012}.Release|x86.Build.0 = Release|x86
		{6EC868E5-3587-49E7-A9AB-128E66E45765}.Debug|Any CPU.ActiveCfg = Debug|x86
		{6EC868E5-3587-49E7-A9AB-128E66E45765}.Debug|Mixed Platforms.ActiveCfg = Debug|x86
		{6EC868E5-3587-49E7-A9AB-128E66E45765}.Debug|Mixed Platforms.Build.0 = Debug|x86
		{6EC868E5-3587-49E7-A9AB-128E66E45765}.Debug|x86.ActiveCfg = Debug|x86
		{6EC868E5-3587-49E7-A9AB-128E66E45765}.Debug|x86.Build.0 = Debug|x86
		{6EC868E5-3587-49E7-A9AB-128E66E45765}.Release|Any CPU.ActiveCfg = Release|x86
		{6EC868E5-3587-49E7-A9AB-128E66E45765}.Release|Mixed Platforms.ActiveCfg = Release|x86
		{6EC868E5-3587-49E7-A9AB-128E66E45765}.Release|Mixed Platforms.Build.0 = Release|x86
		{6EC868E5-3587-49E7-A9AB-128E66E45765}.Release|x86.ActiveCfg = Release|x86
		{6EC868E5-3587-49E7-A9AB-128E66E45765}.Release|x86.Build.0 = Release|x86
		{DFC6212F-1896-4890-BB9B-4A2B34E8A85B}.Debug|Any CPU.ActiveCfg = Debug|Any CPU
		{DFC6212F-1896-4890-BB9B-4A2B34E8A85B}.Debug|Any CPU.Build.0 = Debug|Any CPU
		{DFC6212F-1896-4890-BB9B-4A2B34E8A85B}.Debug|Mixed Platforms.ActiveCfg = Debug|Any CPU
		{DFC6212F-1896-4890-BB9B-4A2B34E8A85B}.Debug|Mixed Platforms.Build.0 = Debug|Any CPU
		{DFC6212F-1896-4890-BB9B-4A2B34E8A85B}.Debug|x86.ActiveCfg = Debug|Any CPU
		{DFC6212F-1896-4890-BB9B-4A2B34E8A85B}.Release|Any CPU.ActiveCfg = Release|Any CPU
		{DFC6212F-1896-4890-BB9B-4A2B34E8A85B}.Release|Any CPU.Build.0 = Release|Any CPU
		{DFC6212F-1896-4890-BB9B-4A2B34E8A85B}.Release|Mixed Platforms.ActiveCfg = Release|Any CPU
		{DFC6212F-1896-4890-BB9B-4A2B34E8A85B}.Release|Mixed Platforms.Build.0 = Release|Any CPU
		{DFC6212F-1896-4890-BB9B-4A2B34E8A85B}.Release|x86.ActiveCfg = Release|Any CPU
		{14FF5AC6-E679-444D-B582-0B4AE067F595}.Debug|Any CPU.ActiveCfg = Debug|Any CPU
		{14FF5AC6-E679-444D-B582-0B4AE067F595}.Debug|Any CPU.Build.0 = Debug|Any CPU
		{14FF5AC6-E679-444D-B582-0B4AE067F595}.Debug|Mixed Platforms.ActiveCfg = Debug|Any CPU
		{14FF5AC6-E679-444D-B582-0B4AE067F595}.Debug|Mixed Platforms.Build.0 = Debug|Any CPU
		{14FF5AC6-E679-444D-B582-0B4AE067F595}.Debug|x86.ActiveCfg = Debug|Any CPU
		{14FF5AC6-E679-444D-B582-0B4AE067F595}.Release|Any CPU.ActiveCfg = Release|Any CPU
		{14FF5AC6-E679-444D-B582-0B4AE067F595}.Release|Any CPU.Build.0 = Release|Any CPU
		{14FF5AC6-E679-444D-B582-0B4AE067F595}.Release|Mixed Platforms.ActiveCfg = Release|Any CPU
		{14FF5AC6-E679-444D-B582-0B4AE067F595}.Release|Mixed Platforms.Build.0 = Release|Any CPU
		{14FF5AC6-E679-444D-B582-0B4AE067F595}.Release|x86.ActiveCfg = Release|Any CPU
	EndGlobalSection
	GlobalSection(SolutionProperties) = preSolution
		HideSolutionNode = FALSE
	EndGlobalSection
EndGlobal
